// !$*UTF8*$!
{
	archiveVersion = 1;
	classes = {
	};
	objectVersion = 50;
	objects = {

/* Begin PBXBuildFile section */
		4D72DE622176EB2200813EE0 /* main.cpp in Sources */ = {isa = PBXBuildFile; fileRef = 4D72DE612176EB2200813EE0 /* main.cpp */; };
		4D72DE6F2176EB4700813EE0 /* main.cpp in Sources */ = {isa = PBXBuildFile; fileRef = 4D72DE6E2176EB4700813EE0 /* main.cpp */; };
		4D72DE7A2176EB7F00813EE0 /* main.cpp in Sources */ = {isa = PBXBuildFile; fileRef = 4D72DE792176EB7F00813EE0 /* main.cpp */; };
		4D72DE852176EE8A00813EE0 /* main.cpp in Sources */ = {isa = PBXBuildFile; fileRef = 4D72DE842176EE8A00813EE0 /* main.cpp */; };
/* End PBXBuildFile section */

/* Begin PBXCopyFilesBuildPhase section */
		4D72DE5C2176EB2200813EE0 /* CopyFiles */ = {
			isa = PBXCopyFilesBuildPhase;
			buildActionMask = 2147483647;
			dstPath = /usr/share/man/man1/;
			dstSubfolderSpec = 0;
			files = (
			);
			runOnlyForDeploymentPostprocessing = 1;
		};
		4D72DE6A2176EB4700813EE0 /* CopyFiles */ = {
			isa = PBXCopyFilesBuildPhase;
			buildActionMask = 2147483647;
			dstPath = /usr/share/man/man1/;
			dstSubfolderSpec = 0;
			files = (
			);
			runOnlyForDeploymentPostprocessing = 1;
		};
		4D72DE752176EB7F00813EE0 /* CopyFiles */ = {
			isa = PBXCopyFilesBuildPhase;
			buildActionMask = 2147483647;
			dstPath = /usr/share/man/man1/;
			dstSubfolderSpec = 0;
			files = (
			);
			runOnlyForDeploymentPostprocessing = 1;
		};
		4D72DE802176EE8A00813EE0 /* CopyFiles */ = {
			isa = PBXCopyFilesBuildPhase;
			buildActionMask = 2147483647;
			dstPath = /usr/share/man/man1/;
			dstSubfolderSpec = 0;
			files = (
			);
			runOnlyForDeploymentPostprocessing = 1;
		};
		4D72DE8B2176EEE700813EE0 /* CopyFiles */ = {
			isa = PBXCopyFilesBuildPhase;
			buildActionMask = 2147483647;
			dstPath = /usr/share/man/man1/;
			dstSubfolderSpec = 0;
			files = (
			);
			runOnlyForDeploymentPostprocessing = 1;
		};
/* End PBXCopyFilesBuildPhase section */

/* Begin PBXFileReference section */
		4D72DE5E2176EB2200813EE0 /* cpp-primer */ = {isa = PBXFileReference; explicitFileType = "compiled.mach-o.executable"; includeInIndex = 0; path = "cpp-primer"; sourceTree = BUILT_PRODUCTS_DIR; };
		4D72DE612176EB2200813EE0 /* main.cpp */ = {isa = PBXFileReference; lastKnownFileType = sourcecode.cpp.cpp; path = main.cpp; sourceTree = "<group>"; };
		4D72DE6C2176EB4700813EE0 /* pointer */ = {isa = PBXFileReference; explicitFileType = "compiled.mach-o.executable"; includeInIndex = 0; path = pointer; sourceTree = BUILT_PRODUCTS_DIR; };
		4D72DE6E2176EB4700813EE0 /* main.cpp */ = {isa = PBXFileReference; lastKnownFileType = sourcecode.cpp.cpp; path = main.cpp; sourceTree = "<group>"; };
		4D72DE772176EB7F00813EE0 /* vector */ = {isa = PBXFileReference; explicitFileType = "compiled.mach-o.executable"; includeInIndex = 0; path = vector; sourceTree = BUILT_PRODUCTS_DIR; };
		4D72DE792176EB7F00813EE0 /* main.cpp */ = {isa = PBXFileReference; lastKnownFileType = sourcecode.cpp.cpp; path = main.cpp; sourceTree = "<group>"; };
		4D72DE822176EE8A00813EE0 /* string */ = {isa = PBXFileReference; explicitFileType = "compiled.mach-o.executable"; includeInIndex = 0; path = string; sourceTree = BUILT_PRODUCTS_DIR; };
		4D72DE842176EE8A00813EE0 /* main.cpp */ = {isa = PBXFileReference; lastKnownFileType = sourcecode.cpp.cpp; path = main.cpp; sourceTree = "<group>"; };
		4D72DE8D2176EEE700813EE0 /* reference */ = {isa = PBXFileReference; explicitFileType = "compiled.mach-o.executable"; includeInIndex = 0; path = reference; sourceTree = BUILT_PRODUCTS_DIR; };
/* End PBXFileReference section */

/* Begin PBXFrameworksBuildPhase section */
		4D72DE5B2176EB2200813EE0 /* Frameworks */ = {
			isa = PBXFrameworksBuildPhase;
			buildActionMask = 2147483647;
			files = (
			);
			runOnlyForDeploymentPostprocessing = 0;
		};
		4D72DE692176EB4700813EE0 /* Frameworks */ = {
			isa = PBXFrameworksBuildPhase;
			buildActionMask = 2147483647;
			files = (
			);
			runOnlyForDeploymentPostprocessing = 0;
		};
		4D72DE742176EB7F00813EE0 /* Frameworks */ = {
			isa = PBXFrameworksBuildPhase;
			buildActionMask = 2147483647;
			files = (
			);
			runOnlyForDeploymentPostprocessing = 0;
		};
		4D72DE7F2176EE8A00813EE0 /* Frameworks */ = {
			isa = PBXFrameworksBuildPhase;
			buildActionMask = 2147483647;
			files = (
			);
			runOnlyForDeploymentPostprocessing = 0;
		};
		4D72DE8A2176EEE700813EE0 /* Frameworks */ = {
			isa = PBXFrameworksBuildPhase;
			buildActionMask = 2147483647;
			files = (
			);
			runOnlyForDeploymentPostprocessing = 0;
		};
/* End PBXFrameworksBuildPhase section */

/* Begin PBXGroup section */
		4D72DE552176EB2200813EE0 = {
			isa = PBXGroup;
			children = (
				4D72DE602176EB2200813EE0 /* cpp-primer */,
				4D72DE6D2176EB4700813EE0 /* pointer */,
				4D72DE782176EB7F00813EE0 /* vector */,
				4D72DE832176EE8A00813EE0 /* string */,
				4D72DE5F2176EB2200813EE0 /* Products */,
			);
			sourceTree = "<group>";
		};
		4D72DE5F2176EB2200813EE0 /* Products */ = {
			isa = PBXGroup;
			children = (
				4D72DE5E2176EB2200813EE0 /* cpp-primer */,
				4D72DE6C2176EB4700813EE0 /* pointer */,
				4D72DE772176EB7F00813EE0 /* vector */,
				4D72DE822176EE8A00813EE0 /* string */,
				4D72DE8D2176EEE700813EE0 /* reference */,
			);
			name = Products;
			sourceTree = "<group>";
		};
		4D72DE602176EB2200813EE0 /* cpp-primer */ = {
			isa = PBXGroup;
			children = (
				4D72DE612176EB2200813EE0 /* main.cpp */,
			);
			path = "cpp-primer";
			sourceTree = "<group>";
		};
		4D72DE6D2176EB4700813EE0 /* pointer */ = {
			isa = PBXGroup;
			children = (
				4D72DE6E2176EB4700813EE0 /* main.cpp */,
			);
			path = pointer;
			sourceTree = "<group>";
		};
		4D72DE782176EB7F00813EE0 /* vector */ = {
			isa = PBXGroup;
			children = (
				4D72DE792176EB7F00813EE0 /* main.cpp */,
			);
			path = vector;
			sourceTree = "<group>";
		};
		4D72DE832176EE8A00813EE0 /* string */ = {
			isa = PBXGroup;
			children = (
				4D72DE842176EE8A00813EE0 /* main.cpp */,
			);
			path = string;
			sourceTree = "<group>";
		};
/* End PBXGroup section */

/* Begin PBXNativeTarget section */
		4D72DE5D2176EB2200813EE0 /* cpp-primer */ = {
			isa = PBXNativeTarget;
			buildConfigurationList = 4D72DE652176EB2200813EE0 /* Build configuration list for PBXNativeTarget "cpp-primer" */;
			buildPhases = (
				4D72DE5A2176EB2200813EE0 /* Sources */,
				4D72DE5B2176EB2200813EE0 /* Frameworks */,
				4D72DE5C2176EB2200813EE0 /* CopyFiles */,
			);
			buildRules = (
			);
			dependencies = (
			);
			name = "cpp-primer";
			productName = "cpp-primer";
			productReference = 4D72DE5E2176EB2200813EE0 /* cpp-primer */;
			productType = "com.apple.product-type.tool";
		};
		4D72DE6B2176EB4700813EE0 /* pointer */ = {
			isa = PBXNativeTarget;
			buildConfigurationList = 4D72DE702176EB4700813EE0 /* Build configuration list for PBXNativeTarget "pointer" */;
			buildPhases = (
				4D72DE682176EB4700813EE0 /* Sources */,
				4D72DE692176EB4700813EE0 /* Frameworks */,
				4D72DE6A2176EB4700813EE0 /* CopyFiles */,
			);
			buildRules = (
			);
			dependencies = (
			);
			name = pointer;
			productName = pointer;
			productReference = 4D72DE6C2176EB4700813EE0 /* pointer */;
			productType = "com.apple.product-type.tool";
		};
		4D72DE762176EB7F00813EE0 /* vector */ = {
			isa = PBXNativeTarget;
			buildConfigurationList = 4D72DE7B2176EB7F00813EE0 /* Build configuration list for PBXNativeTarget "vector" */;
			buildPhases = (
				4D72DE732176EB7F00813EE0 /* Sources */,
				4D72DE742176EB7F00813EE0 /* Frameworks */,
				4D72DE752176EB7F00813EE0 /* CopyFiles */,
			);
			buildRules = (
			);
			dependencies = (
			);
			name = vector;
			productName = vector;
			productReference = 4D72DE772176EB7F00813EE0 /* vector */;
			productType = "com.apple.product-type.tool";
		};
		4D72DE812176EE8A00813EE0 /* string */ = {
			isa = PBXNativeTarget;
			buildConfigurationList = 4D72DE862176EE8A00813EE0 /* Build configuration list for PBXNativeTarget "string" */;
			buildPhases = (
				4D72DE7E2176EE8A00813EE0 /* Sources */,
				4D72DE7F2176EE8A00813EE0 /* Frameworks */,
				4D72DE802176EE8A00813EE0 /* CopyFiles */,
			);
			buildRules = (
			);
			dependencies = (
			);
			name = string;
			productName = string;
			productReference = 4D72DE822176EE8A00813EE0 /* string */;
			productType = "com.apple.product-type.tool";
		};
		4D72DE8C2176EEE700813EE0 /* reference */ = {
			isa = PBXNativeTarget;
			buildConfigurationList = 4D72DE912176EEE800813EE0 /* Build configuration list for PBXNativeTarget "reference" */;
			buildPhases = (
				4D72DE892176EEE700813EE0 /* Sources */,
				4D72DE8A2176EEE700813EE0 /* Frameworks */,
				4D72DE8B2176EEE700813EE0 /* CopyFiles */,
			);
			buildRules = (
			);
			dependencies = (
			);
			name = reference;
			productName = reference;
			productReference = 4D72DE8D2176EEE700813EE0 /* reference */;
			productType = "com.apple.product-type.tool";
		};
/* End PBXNativeTarget section */

/* Begin PBXProject section */
		4D72DE562176EB2200813EE0 /* Project object */ = {
			isa = PBXProject;
			attributes = {
				LastUpgradeCheck = 0930;
				ORGANIZATIONNAME = sunyifeng;
				TargetAttributes = {
					4D72DE5D2176EB2200813EE0 = {
						CreatedOnToolsVersion = 9.3;
					};
					4D72DE6B2176EB4700813EE0 = {
						CreatedOnToolsVersion = 9.3;
					};
					4D72DE762176EB7F00813EE0 = {
						CreatedOnToolsVersion = 9.3;
					};
					4D72DE812176EE8A00813EE0 = {
						CreatedOnToolsVersion = 9.3;
					};
					4D72DE8C2176EEE700813EE0 = {
						CreatedOnToolsVersion = 9.3;
					};
				};
			};
			buildConfigurationList = 4D72DE592176EB2200813EE0 /* Build configuration list for PBXProject "cpp-primer" */;
			compatibilityVersion = "Xcode 9.3";
			developmentRegion = en;
			hasScannedForEncodings = 0;
			knownRegions = (
				en,
			);
			mainGroup = 4D72DE552176EB2200813EE0;
			productRefGroup = 4D72DE5F2176EB2200813EE0 /* Products */;
			projectDirPath = "";
			projectRoot = "";
			targets = (
				4D72DE5D2176EB2200813EE0 /* cpp-primer */,
				4D72DE6B2176EB4700813EE0 /* pointer */,
				4D72DE762176EB7F00813EE0 /* vector */,
				4D72DE812176EE8A00813EE0 /* string */,
				4D72DE8C2176EEE700813EE0 /* reference */,
			);
		};
/* End PBXProject section */

/* Begin PBXSourcesBuildPhase section */
		4D72DE5A2176EB2200813EE0 /* Sources */ = {
			isa = PBXSourcesBuildPhase;
			buildActionMask = 2147483647;
			files = (
				4D72DE622176EB2200813EE0 /* main.cpp in Sources */,
			);
			runOnlyForDeploymentPostprocessing = 0;
		};
		4D72DE682176EB4700813EE0 /* Sources */ = {
			isa = PBXSourcesBuildPhase;
			buildActionMask = 2147483647;
			files = (
				4D72DE6F2176EB4700813EE0 /* main.cpp in Sources */,
			);
			runOnlyForDeploymentPostprocessing = 0;
		};
		4D72DE732176EB7F00813EE0 /* Sources */ = {
			isa = PBXSourcesBuildPhase;
			buildActionMask = 2147483647;
			files = (
				4D72DE7A2176EB7F00813EE0 /* main.cpp in Sources */,
			);
			runOnlyForDeploymentPostprocessing = 0;
		};
		4D72DE7E2176EE8A00813EE0 /* Sources */ = {
			isa = PBXSourcesBuildPhase;
			buildActionMask = 2147483647;
			files = (
				4D72DE852176EE8A00813EE0 /* main.cpp in Sources */,
			);
			runOnlyForDeploymentPostprocessing = 0;
		};
		4D72DE892176EEE700813EE0 /* Sources */ = {
			isa = PBXSourcesBuildPhase;
			buildActionMask = 2147483647;
			files = (
			);
			runOnlyForDeploymentPostprocessing = 0;
		};
/* End PBXSourcesBuildPhase section */

/* Begin XCBuildConfiguration section */
		4D72DE632176EB2200813EE0 /* Debug */ = {
			isa = XCBuildConfiguration;
			buildSettings = {
				ALWAYS_SEARCH_USER_PATHS = NO;
				CLANG_ANALYZER_NONNULL = YES;
				CLANG_ANALYZER_NUMBER_OBJECT_CONVERSION = YES_AGGRESSIVE;
				CLANG_CXX_LANGUAGE_STANDARD = "gnu++14";
				CLANG_CXX_LIBRARY = "libc++";
				CLANG_ENABLE_MODULES = YES;
				CLANG_ENABLE_OBJC_ARC = YES;
				CLANG_ENABLE_OBJC_WEAK = YES;
				CLANG_WARN_BLOCK_CAPTURE_AUTORELEASING = YES;
				CLANG_WARN_BOOL_CONVERSION = YES;
				CLANG_WARN_COMMA = YES;
				CLANG_WARN_CONSTANT_CONVERSION = YES;
				CLANG_WARN_DEPRECATED_OBJC_IMPLEMENTATIONS = YES;
				CLANG_WARN_DIRECT_OBJC_ISA_USAGE = YES_ERROR;
				CLANG_WARN_DOCUMENTATION_COMMENTS = YES;
				CLANG_WARN_EMPTY_BODY = YES;
				CLANG_WARN_ENUM_CONVERSION = YES;
				CLANG_WARN_INFINITE_RECURSION = YES;
				CLANG_WARN_INT_CONVERSION = YES;
				CLANG_WARN_NON_LITERAL_NULL_CONVERSION = YES;
				CLANG_WARN_OBJC_IMPLICIT_RETAIN_SELF = YES;
				CLANG_WARN_OBJC_LITERAL_CONVERSION = YES;
				CLANG_WARN_OBJC_ROOT_CLASS = YES_ERROR;
				CLANG_WARN_RANGE_LOOP_ANALYSIS = YES;
				CLANG_WARN_STRICT_PROTOTYPES = YES;
				CLANG_WARN_SUSPICIOUS_MOVE = YES;
				CLANG_WARN_UNGUARDED_AVAILABILITY = YES_AGGRESSIVE;
				CLANG_WARN_UNREACHABLE_CODE = YES;
				CLANG_WARN__DUPLICATE_METHOD_MATCH = YES;
				CODE_SIGN_IDENTITY = "-";
				COPY_PHASE_STRIP = NO;
				DEBUG_INFORMATION_FORMAT = dwarf;
				ENABLE_STRICT_OBJC_MSGSEND = YES;
				ENABLE_TESTABILITY = YES;
				GCC_C_LANGUAGE_STANDARD = gnu11;
				GCC_DYNAMIC_NO_PIC = NO;
				GCC_NO_COMMON_BLOCKS = YES;
				GCC_OPTIMIZATION_LEVEL = 0;
				GCC_PREPROCESSOR_DEFINITIONS = (
					"DEBUG=1",
					"$(inherited)",
				);
				GCC_WARN_64_TO_32_BIT_CONVERSION = YES;
				GCC_WARN_ABOUT_RETURN_TYPE = YES_ERROR;
				GCC_WARN_UNDECLARED_SELECTOR = YES;
				GCC_WARN_UNINITIALIZED_AUTOS = YES_AGGRESSIVE;
				GCC_WARN_UNUSED_FUNCTION = YES;
				GCC_WARN_UNUSED_VARIABLE = YES;
				MACOSX_DEPLOYMENT_TARGET = 10.13;
				MTL_ENABLE_DEBUG_INFO = YES;
				ONLY_ACTIVE_ARCH = YES;
				SDKROOT = macosx;
			};
			name = Debug;
		};
		4D72DE642176EB2200813EE0 /* Release */ = {
			isa = XCBuildConfiguration;
			buildSettings = {
				ALWAYS_SEARCH_USER_PATHS = NO;
				CLANG_ANALYZER_NONNULL = YES;
				CLANG_ANALYZER_NUMBER_OBJECT_CONVERSION = YES_AGGRESSIVE;
				CLANG_CXX_LANGUAGE_STANDARD = "gnu++14";
				CLANG_CXX_LIBRARY = "libc++";
				CLANG_ENABLE_MODULES = YES;
				CLANG_ENABLE_OBJC_ARC = YES;
				CLANG_ENABLE_OBJC_WEAK = YES;
				CLANG_WARN_BLOCK_CAPTURE_AUTORELEASING = YES;
				CLANG_WARN_BOOL_CONVERSION = YES;
				CLANG_WARN_COMMA = YES;
				CLANG_WARN_CONSTANT_CONVERSION = YES;
				CLANG_WARN_DEPRECATED_OBJC_IMPLEMENTATIONS = YES;
				CLANG_WARN_DIRECT_OBJC_ISA_USAGE = YES_ERROR;
				CLANG_WARN_DOCUMENTATION_COMMENTS = YES;
				CLANG_WARN_EMPTY_BODY = YES;
				CLANG_WARN_ENUM_CONVERSION = YES;
				CLANG_WARN_INFINITE_RECURSION = YES;
				CLANG_WARN_INT_CONVERSION = YES;
				CLANG_WARN_NON_LITERAL_NULL_CONVERSION = YES;
				CLANG_WARN_OBJC_IMPLICIT_RETAIN_SELF = YES;
				CLANG_WARN_OBJC_LITERAL_CONVERSION = YES;
				CLANG_WARN_OBJC_ROOT_CLASS = YES_ERROR;
				CLANG_WARN_RANGE_LOOP_ANALYSIS = YES;
				CLANG_WARN_STRICT_PROTOTYPES = YES;
				CLANG_WARN_SUSPICIOUS_MOVE = YES;
				CLANG_WARN_UNGUARDED_AVAILABILITY = YES_AGGRESSIVE;
				CLANG_WARN_UNREACHABLE_CODE = YES;
				CLANG_WARN__DUPLICATE_METHOD_MATCH = YES;
				CODE_SIGN_IDENTITY = "-";
				COPY_PHASE_STRIP = NO;
				DEBUG_INFORMATION_FORMAT = "dwarf-with-dsym";
				ENABLE_NS_ASSERTIONS = NO;
				ENABLE_STRICT_OBJC_MSGSEND = YES;
				GCC_C_LANGUAGE_STANDARD = gnu11;
				GCC_NO_COMMON_BLOCKS = YES;
				GCC_WARN_64_TO_32_BIT_CONVERSION = YES;
				GCC_WARN_ABOUT_RETURN_TYPE = YES_ERROR;
				GCC_WARN_UNDECLARED_SELECTOR = YES;
				GCC_WARN_UNINITIALIZED_AUTOS = YES_AGGRESSIVE;
				GCC_WARN_UNUSED_FUNCTION = YES;
				GCC_WARN_UNUSED_VARIABLE = YES;
				MACOSX_DEPLOYMENT_TARGET = 10.13;
				MTL_ENABLE_DEBUG_INFO = NO;
				SDKROOT = macosx;
			};
			name = Release;
		};
		4D72DE662176EB2200813EE0 /* Debug */ = {
			isa = XCBuildConfiguration;
			buildSettings = {
				CODE_SIGN_STYLE = Automatic;
				PRODUCT_NAME = "$(TARGET_NAME)";
			};
			name = Debug;
		};
		4D72DE672176EB2200813EE0 /* Release */ = {
			isa = XCBuildConfiguration;
			buildSettings = {
				CODE_SIGN_STYLE = Automatic;
				PRODUCT_NAME = "$(TARGET_NAME)";
			};
			name = Release;
		};
		4D72DE712176EB4700813EE0 /* Debug */ = {
			isa = XCBuildConfiguration;
			buildSettings = {
				CODE_SIGN_STYLE = Automatic;
				PRODUCT_NAME = "$(TARGET_NAME)";
			};
			name = Debug;
		};
		4D72DE722176EB4700813EE0 /* Release */ = {
			isa = XCBuildConfiguration;
			buildSettings = {
				CODE_SIGN_STYLE = Automatic;
				PRODUCT_NAME = "$(TARGET_NAME)";
			};
			name = Release;
		};
		4D72DE7C2176EB7F00813EE0 /* Debug */ = {
			isa = XCBuildConfiguration;
			buildSettings = {
				CODE_SIGN_STYLE = Automatic;
				PRODUCT_NAME = "$(TARGET_NAME)";
			};
			name = Debug;
		};
		4D72DE7D2176EB7F00813EE0 /* Release */ = {
			isa = XCBuildConfiguration;
			buildSettings = {
				CODE_SIGN_STYLE = Automatic;
				PRODUCT_NAME = "$(TARGET_NAME)";
			};
			name = Release;
		};
		4D72DE872176EE8A00813EE0 /* Debug */ = {
			isa = XCBuildConfiguration;
			buildSettings = {
				CODE_SIGN_STYLE = Automatic;
				PRODUCT_NAME = "$(TARGET_NAME)";
			};
			name = Debug;
		};
		4D72DE882176EE8A00813EE0 /* Release */ = {
			isa = XCBuildConfiguration;
			buildSettings = {
				CODE_SIGN_STYLE = Automatic;
				PRODUCT_NAME = "$(TARGET_NAME)";
			};
			name = Release;
		};
		4D72DE922176EEE800813EE0 /* Debug */ = {
			isa = XCBuildConfiguration;
			buildSettings = {
				CODE_SIGN_STYLE = Automatic;
				PRODUCT_NAME = "$(TARGET_NAME)";
			};
			name = Debug;
		};
		4D72DE932176EEE800813EE0 /* Release */ = {
			isa = XCBuildConfiguration;
			buildSettings = {
				CODE_SIGN_STYLE = Automatic;
				PRODUCT_NAME = "$(TARGET_NAME)";
			};
			name = Release;
		};
/* End XCBuildConfiguration section */

/* Begin XCConfigurationList section */
		4D72DE592176EB2200813EE0 /* Build configuration list for PBXProject "cpp-primer" */ = {
			isa = XCConfigurationList;
			buildConfigurations = (
				4D72DE632176EB2200813EE0 /* Debug */,
				4D72DE642176EB2200813EE0 /* Release */,
			);
			defaultConfigurationIsVisible = 0;
			defaultConfigurationName = Release;
		};
		4D72DE652176EB2200813EE0 /* Build configuration list for PBXNativeTarget "cpp-primer" */ = {
			isa = XCConfigurationList;
			buildConfigurations = (
				4D72DE662176EB2200813EE0 /* Debug */,
				4D72DE672176EB2200813EE0 /* Release */,
			);
			defaultConfigurationIsVisible = 0;
			defaultConfigurationName = Release;
		};
		4D72DE702176EB4700813EE0 /* Build configuration list for PBXNativeTarget "pointer" */ = {
			isa = XCConfigurationList;
			buildConfigurations = (
				4D72DE712176EB4700813EE0 /* Debug */,
				4D72DE722176EB4700813EE0 /* Release */,
			);
			defaultConfigurationIsVisible = 0;
			defaultConfigurationName = Release;
		};
		4D72DE7B2176EB7F00813EE0 /* Build configuration list for PBXNativeTarget "vector" */ = {
			isa = XCConfigurationList;
			buildConfigurations = (
				4D72DE7C2176EB7F00813EE0 /* Debug */,
				4D72DE7D2176EB7F00813EE0 /* Release */,
			);
			defaultConfigurationIsVisible = 0;
			defaultConfigurationName = Release;
		};
		4D72DE862176EE8A00813EE0 /* Build configuration list for PBXNativeTarget "string" */ = {
			isa = XCConfigurationList;
			buildConfigurations = (
				4D72DE872176EE8A00813EE0 /* Debug */,
				4D72DE882176EE8A00813EE0 /* Release */,
			);
			defaultConfigurationIsVisible = 0;
			defaultConfigurationName = Release;
		};
		4D72DE912176EEE800813EE0 /* Build configuration list for PBXNativeTarget "reference" */ = {
			isa = XCConfigurationList;
			buildConfigurations = (
				4D72DE922176EEE800813EE0 /* Debug */,
				4D72DE932176EEE800813EE0 /* Release */,
			);
			defaultConfigurationIsVisible = 0;
			defaultConfigurationName = Release;
		};
/* End XCConfigurationList section */
	};
	rootObject = 4D72DE562176EB2200813EE0 /* Project object */;
}
